// !$*UTF8*$!
{
	archiveVersion = 1;
	classes = {
	};
	objectVersion = 56;
	objects = {

/* Begin PBXBuildFile section */
		4675B0914184588098E10F50 /* Pods_MapMyMemories.framework in Frameworks */ = {isa = PBXBuildFile; fileRef = B23CCD6B9BE00A648F8BB850 /* Pods_MapMyMemories.framework */; };
		DE20B8902AD85DE4006FD060 /* EmojiPicker in Frameworks */ = {isa = PBXBuildFile; productRef = DE20B88F2AD85DE4006FD060 /* EmojiPicker */; };
		DE20B8922AD861EF006FD060 /* EmotionCollectionViewCell.swift in Sources */ = {isa = PBXBuildFile; fileRef = DE20B8912AD861EF006FD060 /* EmotionCollectionViewCell.swift */; };
		DE2201DC2AE7B8080096088A /* UserDefaultsIdentifier.swift in Sources */ = {isa = PBXBuildFile; fileRef = DE2201DB2AE7B8080096088A /* UserDefaultsIdentifier.swift */; };
		DE2201DE2AE7E3E90096088A /* ViewingImageCollectionViewModel.swift in Sources */ = {isa = PBXBuildFile; fileRef = DE2201DD2AE7E3E90096088A /* ViewingImageCollectionViewModel.swift */; };
		DE43BD3C2ACE866200FD81DD /* ImageCollectionViewCell.swift in Sources */ = {isa = PBXBuildFile; fileRef = DE43BD3B2ACE866200FD81DD /* ImageCollectionViewCell.swift */; };
		DE43BD3E2ACE8A5500FD81DD /* Extension+UIViewController.swift in Sources */ = {isa = PBXBuildFile; fileRef = DE43BD3D2ACE8A5500FD81DD /* Extension+UIViewController.swift */; };
		DE6D2AFE2ADDD34A00694CB0 /* MemoryAnnotation.swift in Sources */ = {isa = PBXBuildFile; fileRef = DE6D2AFD2ADDD34A00694CB0 /* MemoryAnnotation.swift */; };
		DE843D642ADEC5C4008E065D /* SummaryCollectionViewCell.swift in Sources */ = {isa = PBXBuildFile; fileRef = DE843D632ADEC5C4008E065D /* SummaryCollectionViewCell.swift */; };
		DE843D662ADEC64B008E065D /* BaseCollectionViewCell.swift in Sources */ = {isa = PBXBuildFile; fileRef = DE843D652ADEC64B008E065D /* BaseCollectionViewCell.swift */; };
		DE89393C2AC1954D0099D1AA /* AppDelegate.swift in Sources */ = {isa = PBXBuildFile; fileRef = DE89393B2AC1954D0099D1AA /* AppDelegate.swift */; };
		DE89393E2AC1954D0099D1AA /* SceneDelegate.swift in Sources */ = {isa = PBXBuildFile; fileRef = DE89393D2AC1954D0099D1AA /* SceneDelegate.swift */; };
		DE8939452AC1954F0099D1AA /* Assets.xcassets in Resources */ = {isa = PBXBuildFile; fileRef = DE8939442AC1954F0099D1AA /* Assets.xcassets */; };
		DE8939482AC1954F0099D1AA /* LaunchScreen.storyboard in Resources */ = {isa = PBXBuildFile; fileRef = DE8939462AC1954F0099D1AA /* LaunchScreen.storyboard */; };
		DE8939512AC196DD0099D1AA /* SnapKit in Frameworks */ = {isa = PBXBuildFile; productRef = DE8939502AC196DD0099D1AA /* SnapKit */; };
		DE8939542AC1974A0099D1AA /* Realm in Frameworks */ = {isa = PBXBuildFile; productRef = DE8939532AC1974A0099D1AA /* Realm */; };
		DE8939562AC1974A0099D1AA /* RealmSwift in Frameworks */ = {isa = PBXBuildFile; productRef = DE8939552AC1974A0099D1AA /* RealmSwift */; };
		DE89395E2AC19A160099D1AA /* Alamofire in Frameworks */ = {isa = PBXBuildFile; productRef = DE89395D2AC19A160099D1AA /* Alamofire */; };
		DE8939612AC19A3B0099D1AA /* Toast in Frameworks */ = {isa = PBXBuildFile; productRef = DE8939602AC19A3B0099D1AA /* Toast */; };
		DE8939632AC19CB50099D1AA /* Extension+UIColor.swift in Sources */ = {isa = PBXBuildFile; fileRef = DE8939622AC19CB50099D1AA /* Extension+UIColor.swift */; };
		DE8939652AC19DF20099D1AA /* .gitignore in Resources */ = {isa = PBXBuildFile; fileRef = DE8939642AC19DF20099D1AA /* .gitignore */; };
		DE8939672AC19E6A0099D1AA /* APIKeys.swift in Sources */ = {isa = PBXBuildFile; fileRef = DE8939662AC19E6A0099D1AA /* APIKeys.swift */; };
		DE89396B2AC1B1F80099D1AA /* BaseViewController.swift in Sources */ = {isa = PBXBuildFile; fileRef = DE89396A2AC1B1F80099D1AA /* BaseViewController.swift */; };
		DE89396F2AC320C60099D1AA /* BaseMapView.swift in Sources */ = {isa = PBXBuildFile; fileRef = DE89396E2AC320C60099D1AA /* BaseMapView.swift */; };
		DE8939722AC324940099D1AA /* HomeViewController.swift in Sources */ = {isa = PBXBuildFile; fileRef = DE8939712AC324940099D1AA /* HomeViewController.swift */; };
		DE8939742AC326540099D1AA /* BaseView.swift in Sources */ = {isa = PBXBuildFile; fileRef = DE8939732AC326540099D1AA /* BaseView.swift */; };
		DE8939872AC499A00099D1AA /* Memory.swift in Sources */ = {isa = PBXBuildFile; fileRef = DE8939862AC499A00099D1AA /* Memory.swift */; };
		DE8939892AC4A4DB0099D1AA /* RealmManager.swift in Sources */ = {isa = PBXBuildFile; fileRef = DE8939882AC4A4DA0099D1AA /* RealmManager.swift */; };
		DE8939912AC860C00099D1AA /* HomeView.swift in Sources */ = {isa = PBXBuildFile; fileRef = DE8939902AC860C00099D1AA /* HomeView.swift */; };
		DE8939932AC8617A0099D1AA /* AppViewController.swift in Sources */ = {isa = PBXBuildFile; fileRef = DE8939922AC8617A0099D1AA /* AppViewController.swift */; };
		DE8939952AC8989F0099D1AA /* Extension+UIView.swift in Sources */ = {isa = PBXBuildFile; fileRef = DE8939942AC8989F0099D1AA /* Extension+UIView.swift */; };
		DE90B51D2AD3260800B6A694 /* SearchLocationViewController.swift in Sources */ = {isa = PBXBuildFile; fileRef = DE90B51C2AD3260800B6A694 /* SearchLocationViewController.swift */; };
		DE90B5212AD3421800B6A694 /* SearchLocationModel.swift in Sources */ = {isa = PBXBuildFile; fileRef = DE90B5202AD3421800B6A694 /* SearchLocationModel.swift */; };
		DE90B5232AD3438700B6A694 /* APIManager.swift in Sources */ = {isa = PBXBuildFile; fileRef = DE90B5222AD3438700B6A694 /* APIManager.swift */; };
		DE90B5252AD346EE00B6A694 /* Router.swift in Sources */ = {isa = PBXBuildFile; fileRef = DE90B5242AD346EE00B6A694 /* Router.swift */; };
		DE90B5282AD531D300B6A694 /* SelectDateViewController.swift in Sources */ = {isa = PBXBuildFile; fileRef = DE90B5272AD531D300B6A694 /* SelectDateViewController.swift */; };
		DE90B52A2AD5321300B6A694 /* SelectDateView.swift in Sources */ = {isa = PBXBuildFile; fileRef = DE90B5292AD5321300B6A694 /* SelectDateView.swift */; };
		DE90B52F2AD5604400B6A694 /* ToastMessageType.swift in Sources */ = {isa = PBXBuildFile; fileRef = DE90B52E2AD5604400B6A694 /* ToastMessageType.swift */; };
		DE90B56D2AD679D500B6A694 /* Observable.swift in Sources */ = {isa = PBXBuildFile; fileRef = DE90B56C2AD679D400B6A694 /* Observable.swift */; };
		DE90B5702AD67B6600B6A694 /* WriteViewModel.swift in Sources */ = {isa = PBXBuildFile; fileRef = DE90B56F2AD67B6600B6A694 /* WriteViewModel.swift */; };
		DE95FB682AE0E92400933D90 /* DetailViewController.swift in Sources */ = {isa = PBXBuildFile; fileRef = DE95FB672AE0E92400933D90 /* DetailViewController.swift */; };
		DE95FB6B2AE0E9A400933D90 /* DetailView.swift in Sources */ = {isa = PBXBuildFile; fileRef = DE95FB6A2AE0E9A400933D90 /* DetailView.swift */; };
		DE95FB6E2AE1077F00933D90 /* ViewingImageCollectionViewCell.swift in Sources */ = {isa = PBXBuildFile; fileRef = DE95FB6D2AE1077F00933D90 /* ViewingImageCollectionViewCell.swift */; };
		DE95FB702AE1587500933D90 /* CollectionViewTagType.swift in Sources */ = {isa = PBXBuildFile; fileRef = DE95FB6F2AE1587500933D90 /* CollectionViewTagType.swift */; };
		DEA8A4D72AEB2F7D00D2794A /* GoogleService-Info.plist in Resources */ = {isa = PBXBuildFile; fileRef = DEA8A4D62AEB2F7D00D2794A /* GoogleService-Info.plist */; };
		DEBB216D2AC959DE00B00A26 /* WriteView.swift in Sources */ = {isa = PBXBuildFile; fileRef = DEBB216C2AC959DE00B00A26 /* WriteView.swift */; };
		DEBB216F2AC959E900B00A26 /* WriteViewController.swift in Sources */ = {isa = PBXBuildFile; fileRef = DEBB216E2AC959E900B00A26 /* WriteViewController.swift */; };
		DED7786C2AE54AF300629034 /* ViewingEmotionCollectionViewCell.swift in Sources */ = {isa = PBXBuildFile; fileRef = DED7786B2AE54AF300629034 /* ViewingEmotionCollectionViewCell.swift */; };
		DED7786E2AE5F22900629034 /* DocumentFileManager.swift in Sources */ = {isa = PBXBuildFile; fileRef = DED7786D2AE5F22900629034 /* DocumentFileManager.swift */; };
		DEEB8A032B01292B0097245E /* FirebaseAnalyticsWithoutAdIdSupport in Frameworks */ = {isa = PBXBuildFile; productRef = DEEB8A022B01292B0097245E /* FirebaseAnalyticsWithoutAdIdSupport */; };
		DEEB8A052B01292B0097245E /* FirebaseCrashlytics in Frameworks */ = {isa = PBXBuildFile; productRef = DEEB8A042B01292B0097245E /* FirebaseCrashlytics */; };
		DEEB8A072B01292B0097245E /* FirebaseMessaging in Frameworks */ = {isa = PBXBuildFile; productRef = DEEB8A062B01292B0097245E /* FirebaseMessaging */; };
/* End PBXBuildFile section */

/* Begin PBXFileReference section */
		3C17EBF444A77AA63B0490BA /* Pods-MapMyMemories.release.xcconfig */ = {isa = PBXFileReference; includeInIndex = 1; lastKnownFileType = text.xcconfig; name = "Pods-MapMyMemories.release.xcconfig"; path = "Target Support Files/Pods-MapMyMemories/Pods-MapMyMemories.release.xcconfig"; sourceTree = "<group>"; };
		45AA7D376B33E8B0471AABFE /* Pods-MapMyMemories.debug.xcconfig */ = {isa = PBXFileReference; includeInIndex = 1; lastKnownFileType = text.xcconfig; name = "Pods-MapMyMemories.debug.xcconfig"; path = "Target Support Files/Pods-MapMyMemories/Pods-MapMyMemories.debug.xcconfig"; sourceTree = "<group>"; };
		B23CCD6B9BE00A648F8BB850 /* Pods_MapMyMemories.framework */ = {isa = PBXFileReference; explicitFileType = wrapper.framework; includeInIndex = 0; path = Pods_MapMyMemories.framework; sourceTree = BUILT_PRODUCTS_DIR; };
		DE20B8912AD861EF006FD060 /* EmotionCollectionViewCell.swift */ = {isa = PBXFileReference; lastKnownFileType = sourcecode.swift; path = EmotionCollectionViewCell.swift; sourceTree = "<group>"; };
		DE2201DB2AE7B8080096088A /* UserDefaultsIdentifier.swift */ = {isa = PBXFileReference; lastKnownFileType = sourcecode.swift; path = UserDefaultsIdentifier.swift; sourceTree = "<group>"; };
		DE2201DD2AE7E3E90096088A /* ViewingImageCollectionViewModel.swift */ = {isa = PBXFileReference; lastKnownFileType = sourcecode.swift; path = ViewingImageCollectionViewModel.swift; sourceTree = "<group>"; };
		DE43BD3B2ACE866200FD81DD /* ImageCollectionViewCell.swift */ = {isa = PBXFileReference; lastKnownFileType = sourcecode.swift; path = ImageCollectionViewCell.swift; sourceTree = "<group>"; };
		DE43BD3D2ACE8A5500FD81DD /* Extension+UIViewController.swift */ = {isa = PBXFileReference; lastKnownFileType = sourcecode.swift; path = "Extension+UIViewController.swift"; sourceTree = "<group>"; };
		DE6D2AFD2ADDD34A00694CB0 /* MemoryAnnotation.swift */ = {isa = PBXFileReference; lastKnownFileType = sourcecode.swift; path = MemoryAnnotation.swift; sourceTree = "<group>"; };
		DE843D632ADEC5C4008E065D /* SummaryCollectionViewCell.swift */ = {isa = PBXFileReference; lastKnownFileType = sourcecode.swift; path = SummaryCollectionViewCell.swift; sourceTree = "<group>"; };
		DE843D652ADEC64B008E065D /* BaseCollectionViewCell.swift */ = {isa = PBXFileReference; lastKnownFileType = sourcecode.swift; path = BaseCollectionViewCell.swift; sourceTree = "<group>"; };
		DE8939382AC1954D0099D1AA /* MapMyMemories.app */ = {isa = PBXFileReference; explicitFileType = wrapper.application; includeInIndex = 0; path = MapMyMemories.app; sourceTree = BUILT_PRODUCTS_DIR; };
		DE89393B2AC1954D0099D1AA /* AppDelegate.swift */ = {isa = PBXFileReference; lastKnownFileType = sourcecode.swift; path = AppDelegate.swift; sourceTree = "<group>"; };
		DE89393D2AC1954D0099D1AA /* SceneDelegate.swift */ = {isa = PBXFileReference; lastKnownFileType = sourcecode.swift; path = SceneDelegate.swift; sourceTree = "<group>"; };
		DE8939442AC1954F0099D1AA /* Assets.xcassets */ = {isa = PBXFileReference; lastKnownFileType = folder.assetcatalog; path = Assets.xcassets; sourceTree = "<group>"; };
		DE8939472AC1954F0099D1AA /* Base */ = {isa = PBXFileReference; lastKnownFileType = file.storyboard; name = Base; path = Base.lproj/LaunchScreen.storyboard; sourceTree = "<group>"; };
		DE8939492AC1954F0099D1AA /* Info.plist */ = {isa = PBXFileReference; lastKnownFileType = text.plist.xml; path = Info.plist; sourceTree = "<group>"; };
		DE8939622AC19CB50099D1AA /* Extension+UIColor.swift */ = {isa = PBXFileReference; lastKnownFileType = sourcecode.swift; path = "Extension+UIColor.swift"; sourceTree = "<group>"; };
		DE8939642AC19DF20099D1AA /* .gitignore */ = {isa = PBXFileReference; lastKnownFileType = text; path = .gitignore; sourceTree = "<group>"; };
		DE8939662AC19E6A0099D1AA /* APIKeys.swift */ = {isa = PBXFileReference; lastKnownFileType = sourcecode.swift; path = APIKeys.swift; sourceTree = "<group>"; };
		DE89396A2AC1B1F80099D1AA /* BaseViewController.swift */ = {isa = PBXFileReference; lastKnownFileType = sourcecode.swift; path = BaseViewController.swift; sourceTree = "<group>"; };
		DE89396E2AC320C60099D1AA /* BaseMapView.swift */ = {isa = PBXFileReference; lastKnownFileType = sourcecode.swift; path = BaseMapView.swift; sourceTree = "<group>"; };
		DE8939712AC324940099D1AA /* HomeViewController.swift */ = {isa = PBXFileReference; lastKnownFileType = sourcecode.swift; path = HomeViewController.swift; sourceTree = "<group>"; };
		DE8939732AC326540099D1AA /* BaseView.swift */ = {isa = PBXFileReference; lastKnownFileType = sourcecode.swift; path = BaseView.swift; sourceTree = "<group>"; };
		DE8939862AC499A00099D1AA /* Memory.swift */ = {isa = PBXFileReference; lastKnownFileType = sourcecode.swift; name = Memory.swift; path = MapMyMemories/Memory.swift; sourceTree = SOURCE_ROOT; };
		DE8939882AC4A4DA0099D1AA /* RealmManager.swift */ = {isa = PBXFileReference; lastKnownFileType = sourcecode.swift; path = RealmManager.swift; sourceTree = "<group>"; };
		DE8939902AC860C00099D1AA /* HomeView.swift */ = {isa = PBXFileReference; lastKnownFileType = sourcecode.swift; path = HomeView.swift; sourceTree = "<group>"; };
		DE8939922AC8617A0099D1AA /* AppViewController.swift */ = {isa = PBXFileReference; lastKnownFileType = sourcecode.swift; path = AppViewController.swift; sourceTree = "<group>"; };
		DE8939942AC8989F0099D1AA /* Extension+UIView.swift */ = {isa = PBXFileReference; lastKnownFileType = sourcecode.swift; path = "Extension+UIView.swift"; sourceTree = "<group>"; };
		DE90B51C2AD3260800B6A694 /* SearchLocationViewController.swift */ = {isa = PBXFileReference; lastKnownFileType = sourcecode.swift; path = SearchLocationViewController.swift; sourceTree = "<group>"; };
		DE90B5202AD3421800B6A694 /* SearchLocationModel.swift */ = {isa = PBXFileReference; lastKnownFileType = sourcecode.swift; path = SearchLocationModel.swift; sourceTree = "<group>"; };
		DE90B5222AD3438700B6A694 /* APIManager.swift */ = {isa = PBXFileReference; lastKnownFileType = sourcecode.swift; path = APIManager.swift; sourceTree = "<group>"; };
		DE90B5242AD346EE00B6A694 /* Router.swift */ = {isa = PBXFileReference; lastKnownFileType = sourcecode.swift; path = Router.swift; sourceTree = "<group>"; };
		DE90B5272AD531D300B6A694 /* SelectDateViewController.swift */ = {isa = PBXFileReference; lastKnownFileType = sourcecode.swift; path = SelectDateViewController.swift; sourceTree = "<group>"; };
		DE90B5292AD5321300B6A694 /* SelectDateView.swift */ = {isa = PBXFileReference; lastKnownFileType = sourcecode.swift; path = SelectDateView.swift; sourceTree = "<group>"; };
		DE90B52E2AD5604400B6A694 /* ToastMessageType.swift */ = {isa = PBXFileReference; lastKnownFileType = sourcecode.swift; path = ToastMessageType.swift; sourceTree = "<group>"; };
		DE90B56C2AD679D400B6A694 /* Observable.swift */ = {isa = PBXFileReference; lastKnownFileType = sourcecode.swift; path = Observable.swift; sourceTree = "<group>"; };
		DE90B56F2AD67B6600B6A694 /* WriteViewModel.swift */ = {isa = PBXFileReference; lastKnownFileType = sourcecode.swift; path = WriteViewModel.swift; sourceTree = "<group>"; };
		DE95FB672AE0E92400933D90 /* DetailViewController.swift */ = {isa = PBXFileReference; lastKnownFileType = sourcecode.swift; path = DetailViewController.swift; sourceTree = "<group>"; };
		DE95FB6A2AE0E9A400933D90 /* DetailView.swift */ = {isa = PBXFileReference; lastKnownFileType = sourcecode.swift; name = DetailView.swift; path = MapMyMemories/Scene/DetailView.swift; sourceTree = SOURCE_ROOT; };
		DE95FB6D2AE1077F00933D90 /* ViewingImageCollectionViewCell.swift */ = {isa = PBXFileReference; lastKnownFileType = sourcecode.swift; path = ViewingImageCollectionViewCell.swift; sourceTree = "<group>"; };
		DE95FB6F2AE1587500933D90 /* CollectionViewTagType.swift */ = {isa = PBXFileReference; lastKnownFileType = sourcecode.swift; path = CollectionViewTagType.swift; sourceTree = "<group>"; };
		DEA8A4D62AEB2F7D00D2794A /* GoogleService-Info.plist */ = {isa = PBXFileReference; fileEncoding = 4; lastKnownFileType = text.plist.xml; path = "GoogleService-Info.plist"; sourceTree = "<group>"; };
		DEBB216C2AC959DE00B00A26 /* WriteView.swift */ = {isa = PBXFileReference; lastKnownFileType = sourcecode.swift; path = WriteView.swift; sourceTree = "<group>"; };
		DEBB216E2AC959E900B00A26 /* WriteViewController.swift */ = {isa = PBXFileReference; lastKnownFileType = sourcecode.swift; path = WriteViewController.swift; sourceTree = "<group>"; };
		DED7786B2AE54AF300629034 /* ViewingEmotionCollectionViewCell.swift */ = {isa = PBXFileReference; lastKnownFileType = sourcecode.swift; path = ViewingEmotionCollectionViewCell.swift; sourceTree = "<group>"; };
		DED7786D2AE5F22900629034 /* DocumentFileManager.swift */ = {isa = PBXFileReference; lastKnownFileType = sourcecode.swift; path = DocumentFileManager.swift; sourceTree = "<group>"; };
		DEEB8A082B0129590097245E /* MapMyMemories.entitlements */ = {isa = PBXFileReference; lastKnownFileType = text.plist.entitlements; path = MapMyMemories.entitlements; sourceTree = "<group>"; };
/* End PBXFileReference section */

/* Begin PBXFrameworksBuildPhase section */
		DE8939352AC1954D0099D1AA /* Frameworks */ = {
			isa = PBXFrameworksBuildPhase;
			buildActionMask = 2147483647;
			files = (
				DE8939562AC1974A0099D1AA /* RealmSwift in Frameworks */,
				DE20B8902AD85DE4006FD060 /* EmojiPicker in Frameworks */,
				DEEB8A072B01292B0097245E /* FirebaseMessaging in Frameworks */,
				DE89395E2AC19A160099D1AA /* Alamofire in Frameworks */,
				DE8939542AC1974A0099D1AA /* Realm in Frameworks */,
				DE8939612AC19A3B0099D1AA /* Toast in Frameworks */,
				DE8939512AC196DD0099D1AA /* SnapKit in Frameworks */,
				DEEB8A052B01292B0097245E /* FirebaseCrashlytics in Frameworks */,
				4675B0914184588098E10F50 /* Pods_MapMyMemories.framework in Frameworks */,
				DEEB8A032B01292B0097245E /* FirebaseAnalyticsWithoutAdIdSupport in Frameworks */,
			);
			runOnlyForDeploymentPostprocessing = 0;
		};
/* End PBXFrameworksBuildPhase section */

/* Begin PBXGroup section */
		7E69C173CDD12DFC205B126B /* Frameworks */ = {
			isa = PBXGroup;
			children = (
				B23CCD6B9BE00A648F8BB850 /* Pods_MapMyMemories.framework */,
			);
			name = Frameworks;
			sourceTree = "<group>";
		};
		C2965B25092C4D0D06B0B9EA /* Pods */ = {
			isa = PBXGroup;
			children = (
				45AA7D376B33E8B0471AABFE /* Pods-MapMyMemories.debug.xcconfig */,
				3C17EBF444A77AA63B0490BA /* Pods-MapMyMemories.release.xcconfig */,
			);
			path = Pods;
			sourceTree = "<group>";
		};
		DE43BD3A2ACE864F00FD81DD /* Cell */ = {
			isa = PBXGroup;
			children = (
				DE43BD3B2ACE866200FD81DD /* ImageCollectionViewCell.swift */,
				DE20B8912AD861EF006FD060 /* EmotionCollectionViewCell.swift */,
			);
			path = Cell;
			sourceTree = "<group>";
		};
		DE6D2AF82ADD81B400694CB0 /* Annotation */ = {
			isa = PBXGroup;
			children = (
				DE6D2AFD2ADDD34A00694CB0 /* MemoryAnnotation.swift */,
			);
			path = Annotation;
			sourceTree = "<group>";
		};
		DE843D622ADEC56E008E065D /* Cell */ = {
			isa = PBXGroup;
			children = (
				DE843D632ADEC5C4008E065D /* SummaryCollectionViewCell.swift */,
			);
			path = Cell;
			sourceTree = "<group>";
		};
		DE89392F2AC1954D0099D1AA = {
			isa = PBXGroup;
			children = (
				DE89393A2AC1954D0099D1AA /* MapMyMemories */,
				DE8939392AC1954D0099D1AA /* Products */,
				C2965B25092C4D0D06B0B9EA /* Pods */,
				7E69C173CDD12DFC205B126B /* Frameworks */,
			);
			sourceTree = "<group>";
		};
		DE8939392AC1954D0099D1AA /* Products */ = {
			isa = PBXGroup;
			children = (
				DE8939382AC1954D0099D1AA /* MapMyMemories.app */,
			);
			name = Products;
			sourceTree = "<group>";
		};
		DE89393A2AC1954D0099D1AA /* MapMyMemories */ = {
			isa = PBXGroup;
			children = (
				DEEB8A082B0129590097245E /* MapMyMemories.entitlements */,
				DE89398A2AC4A6AA0099D1AA /* Helper */,
				DE8939682AC19EE00099D1AA /* Network */,
				DE89395B2AC197760099D1AA /* Resource */,
				DE89395A2AC197710099D1AA /* Extension */,
				DE8939592AC1976B0099D1AA /* Model */,
				DE8939582AC197640099D1AA /* Scene */,
				DE8939572AC1975A0099D1AA /* App */,
				DE8939492AC1954F0099D1AA /* Info.plist */,
				DEA8A4D62AEB2F7D00D2794A /* GoogleService-Info.plist */,
				DE8939642AC19DF20099D1AA /* .gitignore */,
			);
			path = MapMyMemories;
			sourceTree = "<group>";
		};
		DE8939572AC1975A0099D1AA /* App */ = {
			isa = PBXGroup;
			children = (
				DE89393B2AC1954D0099D1AA /* AppDelegate.swift */,
				DE89393D2AC1954D0099D1AA /* SceneDelegate.swift */,
				DE8939922AC8617A0099D1AA /* AppViewController.swift */,
			);
			path = App;
			sourceTree = "<group>";
		};
		DE8939582AC197640099D1AA /* Scene */ = {
			isa = PBXGroup;
			children = (
				DE95FB692AE0E92A00933D90 /* Detail */,
				DE90B56E2AD67B3B00B6A694 /* ViewModel */,
				DEBB216B2AC959BE00B00A26 /* Write */,
				DE8939702AC324850099D1AA /* Home */,
				DE8939692AC1B1830099D1AA /* Base */,
			);
			path = Scene;
			sourceTree = "<group>";
		};
		DE8939592AC1976B0099D1AA /* Model */ = {
			isa = PBXGroup;
			children = (
				DE8939862AC499A00099D1AA /* Memory.swift */,
				DE90B5202AD3421800B6A694 /* SearchLocationModel.swift */,
			);
			path = Model;
			sourceTree = "<group>";
		};
		DE89395A2AC197710099D1AA /* Extension */ = {
			isa = PBXGroup;
			children = (
				DE8939622AC19CB50099D1AA /* Extension+UIColor.swift */,
				DE8939942AC8989F0099D1AA /* Extension+UIView.swift */,
				DE43BD3D2ACE8A5500FD81DD /* Extension+UIViewController.swift */,
			);
			path = Extension;
			sourceTree = "<group>";
		};
		DE89395B2AC197760099D1AA /* Resource */ = {
			isa = PBXGroup;
			children = (
				DE8939442AC1954F0099D1AA /* Assets.xcassets */,
				DE8939462AC1954F0099D1AA /* LaunchScreen.storyboard */,
			);
			path = Resource;
			sourceTree = "<group>";
		};
		DE8939682AC19EE00099D1AA /* Network */ = {
			isa = PBXGroup;
			children = (
				DE8939662AC19E6A0099D1AA /* APIKeys.swift */,
				DE8939882AC4A4DA0099D1AA /* RealmManager.swift */,
				DE90B5222AD3438700B6A694 /* APIManager.swift */,
				DE90B5242AD346EE00B6A694 /* Router.swift */,
			);
			path = Network;
			sourceTree = "<group>";
		};
		DE8939692AC1B1830099D1AA /* Base */ = {
			isa = PBXGroup;
			children = (
				DE89396A2AC1B1F80099D1AA /* BaseViewController.swift */,
				DE89396E2AC320C60099D1AA /* BaseMapView.swift */,
				DE8939732AC326540099D1AA /* BaseView.swift */,
				DE843D652ADEC64B008E065D /* BaseCollectionViewCell.swift */,
			);
			path = Base;
			sourceTree = "<group>";
		};
		DE8939702AC324850099D1AA /* Home */ = {
			isa = PBXGroup;
			children = (
				DE843D622ADEC56E008E065D /* Cell */,
				DE6D2AF82ADD81B400694CB0 /* Annotation */,
				DE8939712AC324940099D1AA /* HomeViewController.swift */,
				DE8939902AC860C00099D1AA /* HomeView.swift */,
			);
			path = Home;
			sourceTree = "<group>";
		};
		DE89398A2AC4A6AA0099D1AA /* Helper */ = {
			isa = PBXGroup;
			children = (
				DE90B52E2AD5604400B6A694 /* ToastMessageType.swift */,
				DE95FB6F2AE1587500933D90 /* CollectionViewTagType.swift */,
				DED7786D2AE5F22900629034 /* DocumentFileManager.swift */,
				DE2201DB2AE7B8080096088A /* UserDefaultsIdentifier.swift */,
			);
			path = Helper;
			sourceTree = "<group>";
		};
		DE90B51B2AD3238900B6A694 /* SelectLocation */ = {
			isa = PBXGroup;
			children = (
				DE90B51C2AD3260800B6A694 /* SearchLocationViewController.swift */,
			);
			path = SelectLocation;
			sourceTree = "<group>";
		};
		DE90B5262AD531B000B6A694 /* SelectDate */ = {
			isa = PBXGroup;
			children = (
				DE90B5272AD531D300B6A694 /* SelectDateViewController.swift */,
				DE90B5292AD5321300B6A694 /* SelectDateView.swift */,
			);
			path = SelectDate;
			sourceTree = "<group>";
		};
		DE90B56E2AD67B3B00B6A694 /* ViewModel */ = {
			isa = PBXGroup;
			children = (
				DE90B56C2AD679D400B6A694 /* Observable.swift */,
				DE90B56F2AD67B6600B6A694 /* WriteViewModel.swift */,
				DE2201DD2AE7E3E90096088A /* ViewingImageCollectionViewModel.swift */,
			);
			path = ViewModel;
			sourceTree = "<group>";
		};
		DE95FB692AE0E92A00933D90 /* Detail */ = {
			isa = PBXGroup;
			children = (
				DE95FB6C2AE1073100933D90 /* Cell */,
				DE95FB672AE0E92400933D90 /* DetailViewController.swift */,
				DE95FB6A2AE0E9A400933D90 /* DetailView.swift */,
			);
			path = Detail;
			sourceTree = "<group>";
		};
		DE95FB6C2AE1073100933D90 /* Cell */ = {
			isa = PBXGroup;
			children = (
				DE95FB6D2AE1077F00933D90 /* ViewingImageCollectionViewCell.swift */,
				DED7786B2AE54AF300629034 /* ViewingEmotionCollectionViewCell.swift */,
			);
			path = Cell;
			sourceTree = "<group>";
		};
		DEBB216B2AC959BE00B00A26 /* Write */ = {
			isa = PBXGroup;
			children = (
				DE90B5262AD531B000B6A694 /* SelectDate */,
				DE90B51B2AD3238900B6A694 /* SelectLocation */,
				DE43BD3A2ACE864F00FD81DD /* Cell */,
				DEBB216C2AC959DE00B00A26 /* WriteView.swift */,
				DEBB216E2AC959E900B00A26 /* WriteViewController.swift */,
			);
			path = Write;
			sourceTree = "<group>";
		};
/* End PBXGroup section */

/* Begin PBXNativeTarget section */
		DE8939372AC1954D0099D1AA /* MapMyMemories */ = {
			isa = PBXNativeTarget;
			buildConfigurationList = DE89394C2AC1954F0099D1AA /* Build configuration list for PBXNativeTarget "MapMyMemories" */;
			buildPhases = (
				12ADEEB3018162E02FA8F200 /* [CP] Check Pods Manifest.lock */,
				DE8939342AC1954D0099D1AA /* Sources */,
				DE8939352AC1954D0099D1AA /* Frameworks */,
				DE8939362AC1954D0099D1AA /* Resources */,
				B183098CBE28EE39F41217E9 /* [CP] Embed Pods Frameworks */,
				DEA8A4D52AEB2D4000D2794A /* ShellScript */,
			);
			buildRules = (
			);
			dependencies = (
			);
			name = MapMyMemories;
			packageProductDependencies = (
				DE8939502AC196DD0099D1AA /* SnapKit */,
				DE8939532AC1974A0099D1AA /* Realm */,
				DE8939552AC1974A0099D1AA /* RealmSwift */,
				DE89395D2AC19A160099D1AA /* Alamofire */,
				DE8939602AC19A3B0099D1AA /* Toast */,
				DE20B88F2AD85DE4006FD060 /* EmojiPicker */,
				DEEB8A022B01292B0097245E /* FirebaseAnalyticsWithoutAdIdSupport */,
				DEEB8A042B01292B0097245E /* FirebaseCrashlytics */,
				DEEB8A062B01292B0097245E /* FirebaseMessaging */,
			);
			productName = MapMyMemories;
			productReference = DE8939382AC1954D0099D1AA /* MapMyMemories.app */;
			productType = "com.apple.product-type.application";
		};
/* End PBXNativeTarget section */

/* Begin PBXProject section */
		DE8939302AC1954D0099D1AA /* Project object */ = {
			isa = PBXProject;
			attributes = {
				BuildIndependentTargetsInParallel = 1;
				LastSwiftUpdateCheck = 1500;
				LastUpgradeCheck = 1500;
				TargetAttributes = {
					DE8939372AC1954D0099D1AA = {
						CreatedOnToolsVersion = 15.0;
					};
				};
			};
			buildConfigurationList = DE8939332AC1954D0099D1AA /* Build configuration list for PBXProject "MapMyMemories" */;
			compatibilityVersion = "Xcode 14.0";
			developmentRegion = en;
			hasScannedForEncodings = 0;
			knownRegions = (
				en,
				Base,
			);
			mainGroup = DE89392F2AC1954D0099D1AA;
			packageReferences = (
				DE89394F2AC196DD0099D1AA /* XCRemoteSwiftPackageReference "SnapKit" */,
				DE8939522AC1974A0099D1AA /* XCRemoteSwiftPackageReference "realm-swift" */,
				DE89395C2AC19A160099D1AA /* XCRemoteSwiftPackageReference "Alamofire" */,
				DE89395F2AC19A3B0099D1AA /* XCRemoteSwiftPackageReference "Toast-Swift" */,
				DE20B88E2AD85DE4006FD060 /* XCRemoteSwiftPackageReference "EmojiPicker" */,
				DEEB8A012B01292B0097245E /* XCRemoteSwiftPackageReference "firebase-ios-sdk" */,
			);
			productRefGroup = DE8939392AC1954D0099D1AA /* Products */;
			projectDirPath = "";
			projectRoot = "";
			targets = (
				DE8939372AC1954D0099D1AA /* MapMyMemories */,
			);
		};
/* End PBXProject section */

/* Begin PBXResourcesBuildPhase section */
		DE8939362AC1954D0099D1AA /* Resources */ = {
			isa = PBXResourcesBuildPhase;
			buildActionMask = 2147483647;
			files = (
				DE8939482AC1954F0099D1AA /* LaunchScreen.storyboard in Resources */,
				DEA8A4D72AEB2F7D00D2794A /* GoogleService-Info.plist in Resources */,
				DE8939652AC19DF20099D1AA /* .gitignore in Resources */,
				DE8939452AC1954F0099D1AA /* Assets.xcassets in Resources */,
			);
			runOnlyForDeploymentPostprocessing = 0;
		};
/* End PBXResourcesBuildPhase section */

/* Begin PBXShellScriptBuildPhase section */
		12ADEEB3018162E02FA8F200 /* [CP] Check Pods Manifest.lock */ = {
			isa = PBXShellScriptBuildPhase;
			buildActionMask = 2147483647;
			files = (
			);
			inputFileListPaths = (
			);
			inputPaths = (
				"${PODS_PODFILE_DIR_PATH}/Podfile.lock",
				"${PODS_ROOT}/Manifest.lock",
			);
			name = "[CP] Check Pods Manifest.lock";
			outputFileListPaths = (
			);
			outputPaths = (
				"$(DERIVED_FILE_DIR)/Pods-MapMyMemories-checkManifestLockResult.txt",
			);
			runOnlyForDeploymentPostprocessing = 0;
			shellPath = /bin/sh;
			shellScript = "diff \"${PODS_PODFILE_DIR_PATH}/Podfile.lock\" \"${PODS_ROOT}/Manifest.lock\" > /dev/null\nif [ $? != 0 ] ; then\n    # print error to STDERR\n    echo \"error: The sandbox is not in sync with the Podfile.lock. Run 'pod install' or update your CocoaPods installation.\" >&2\n    exit 1\nfi\n# This output is used by Xcode 'outputs' to avoid re-running this script phase.\necho \"SUCCESS\" > \"${SCRIPT_OUTPUT_FILE_0}\"\n";
			showEnvVarsInLog = 0;
		};
		B183098CBE28EE39F41217E9 /* [CP] Embed Pods Frameworks */ = {
			isa = PBXShellScriptBuildPhase;
			buildActionMask = 2147483647;
			files = (
			);
			inputFileListPaths = (
				"${PODS_ROOT}/Target Support Files/Pods-MapMyMemories/Pods-MapMyMemories-frameworks-${CONFIGURATION}-input-files.xcfilelist",
			);
			name = "[CP] Embed Pods Frameworks";
			outputFileListPaths = (
				"${PODS_ROOT}/Target Support Files/Pods-MapMyMemories/Pods-MapMyMemories-frameworks-${CONFIGURATION}-output-files.xcfilelist",
			);
			runOnlyForDeploymentPostprocessing = 0;
			shellPath = /bin/sh;
			shellScript = "\"${PODS_ROOT}/Target Support Files/Pods-MapMyMemories/Pods-MapMyMemories-frameworks.sh\"\n";
			showEnvVarsInLog = 0;
		};
		DEA8A4D52AEB2D4000D2794A /* ShellScript */ = {
			isa = PBXShellScriptBuildPhase;
			buildActionMask = 2147483647;
			files = (
			);
			inputFileListPaths = (
			);
			inputPaths = (
				"${DWARF_DSYM_FOLDER_PATH}/${DWARF_DSYM_FILE_NAME}",
				"${DWARF_DSYM_FOLDER_PATH}/${DWARF_DSYM_FILE_NAME}/Contents/Resources/DWARF/${PRODUCT_NAME}",
				"${DWARF_DSYM_FOLDER_PATH}/${DWARF_DSYM_FILE_NAME}/Contents/Info.plist",
				"$(TARGET_BUILD_DIR)/$(UNLOCALIZED_RESOURCES_FOLDER_PATH)/GoogleService-Info.plist",
				"$(TARGET_BUILD_DIR)/$(EXECUTABLE_PATH)",
			);
			outputFileListPaths = (
			);
			outputPaths = (
			);
			runOnlyForDeploymentPostprocessing = 0;
			shellPath = /bin/sh;
			shellScript = "\"${BUILD_DIR%/Build/*}/SourcePackages/checkouts/firebase-ios-sdk/Crashlytics/run\"\n";
		};
/* End PBXShellScriptBuildPhase section */

/* Begin PBXSourcesBuildPhase section */
		DE8939342AC1954D0099D1AA /* Sources */ = {
			isa = PBXSourcesBuildPhase;
			buildActionMask = 2147483647;
			files = (
				DE8939672AC19E6A0099D1AA /* APIKeys.swift in Sources */,
				DE8939892AC4A4DB0099D1AA /* RealmManager.swift in Sources */,
				DE43BD3C2ACE866200FD81DD /* ImageCollectionViewCell.swift in Sources */,
				DE89393C2AC1954D0099D1AA /* AppDelegate.swift in Sources */,
				DE6D2AFE2ADDD34A00694CB0 /* MemoryAnnotation.swift in Sources */,
				DE90B5702AD67B6600B6A694 /* WriteViewModel.swift in Sources */,
				DE90B52A2AD5321300B6A694 /* SelectDateView.swift in Sources */,
				DE95FB682AE0E92400933D90 /* DetailViewController.swift in Sources */,
				DE43BD3E2ACE8A5500FD81DD /* Extension+UIViewController.swift in Sources */,
				DEBB216F2AC959E900B00A26 /* WriteViewController.swift in Sources */,
				DE90B5212AD3421800B6A694 /* SearchLocationModel.swift in Sources */,
				DE8939722AC324940099D1AA /* HomeViewController.swift in Sources */,
				DED7786C2AE54AF300629034 /* ViewingEmotionCollectionViewCell.swift in Sources */,
				DE2201DC2AE7B8080096088A /* UserDefaultsIdentifier.swift in Sources */,
				DE89393E2AC1954D0099D1AA /* SceneDelegate.swift in Sources */,
				DE8939632AC19CB50099D1AA /* Extension+UIColor.swift in Sources */,
				DE90B56D2AD679D500B6A694 /* Observable.swift in Sources */,
				DE90B52F2AD5604400B6A694 /* ToastMessageType.swift in Sources */,
				DE95FB6B2AE0E9A400933D90 /* DetailView.swift in Sources */,
				DE90B5252AD346EE00B6A694 /* Router.swift in Sources */,
				DED7786E2AE5F22900629034 /* DocumentFileManager.swift in Sources */,
				DE2201DE2AE7E3E90096088A /* ViewingImageCollectionViewModel.swift in Sources */,
				DE95FB6E2AE1077F00933D90 /* ViewingImageCollectionViewCell.swift in Sources */,
				DE95FB702AE1587500933D90 /* CollectionViewTagType.swift in Sources */,
				DEBB216D2AC959DE00B00A26 /* WriteView.swift in Sources */,
				DE8939932AC8617A0099D1AA /* AppViewController.swift in Sources */,
				DE90B5232AD3438700B6A694 /* APIManager.swift in Sources */,
				DE20B8922AD861EF006FD060 /* EmotionCollectionViewCell.swift in Sources */,
				DE90B5282AD531D300B6A694 /* SelectDateViewController.swift in Sources */,
				DE843D642ADEC5C4008E065D /* SummaryCollectionViewCell.swift in Sources */,
				DE8939742AC326540099D1AA /* BaseView.swift in Sources */,
				DE89396F2AC320C60099D1AA /* BaseMapView.swift in Sources */,
				DE843D662ADEC64B008E065D /* BaseCollectionViewCell.swift in Sources */,
				DE8939912AC860C00099D1AA /* HomeView.swift in Sources */,
				DE8939872AC499A00099D1AA /* Memory.swift in Sources */,
				DE90B51D2AD3260800B6A694 /* SearchLocationViewController.swift in Sources */,
				DE89396B2AC1B1F80099D1AA /* BaseViewController.swift in Sources */,
				DE8939952AC8989F0099D1AA /* Extension+UIView.swift in Sources */,
			);
			runOnlyForDeploymentPostprocessing = 0;
		};
/* End PBXSourcesBuildPhase section */

/* Begin PBXVariantGroup section */
		DE8939462AC1954F0099D1AA /* LaunchScreen.storyboard */ = {
			isa = PBXVariantGroup;
			children = (
				DE8939472AC1954F0099D1AA /* Base */,
			);
			name = LaunchScreen.storyboard;
			sourceTree = "<group>";
		};
/* End PBXVariantGroup section */

/* Begin XCBuildConfiguration section */
		DE89394A2AC1954F0099D1AA /* Debug */ = {
			isa = XCBuildConfiguration;
			buildSettings = {
				ALWAYS_SEARCH_USER_PATHS = NO;
				ASSETCATALOG_COMPILER_GENERATE_SWIFT_ASSET_SYMBOL_EXTENSIONS = YES;
				CLANG_ANALYZER_NONNULL = YES;
				CLANG_ANALYZER_NUMBER_OBJECT_CONVERSION = YES_AGGRESSIVE;
				CLANG_CXX_LANGUAGE_STANDARD = "gnu++20";
				CLANG_ENABLE_MODULES = YES;
				CLANG_ENABLE_OBJC_ARC = YES;
				CLANG_ENABLE_OBJC_WEAK = YES;
				CLANG_WARN_BLOCK_CAPTURE_AUTORELEASING = YES;
				CLANG_WARN_BOOL_CONVERSION = YES;
				CLANG_WARN_COMMA = YES;
				CLANG_WARN_CONSTANT_CONVERSION = YES;
				CLANG_WARN_DEPRECATED_OBJC_IMPLEMENTATIONS = YES;
				CLANG_WARN_DIRECT_OBJC_ISA_USAGE = YES_ERROR;
				CLANG_WARN_DOCUMENTATION_COMMENTS = YES;
				CLANG_WARN_EMPTY_BODY = YES;
				CLANG_WARN_ENUM_CONVERSION = YES;
				CLANG_WARN_INFINITE_RECURSION = YES;
				CLANG_WARN_INT_CONVERSION = YES;
				CLANG_WARN_NON_LITERAL_NULL_CONVERSION = YES;
				CLANG_WARN_OBJC_IMPLICIT_RETAIN_SELF = YES;
				CLANG_WARN_OBJC_LITERAL_CONVERSION = YES;
				CLANG_WARN_OBJC_ROOT_CLASS = YES_ERROR;
				CLANG_WARN_QUOTED_INCLUDE_IN_FRAMEWORK_HEADER = YES;
				CLANG_WARN_RANGE_LOOP_ANALYSIS = YES;
				CLANG_WARN_STRICT_PROTOTYPES = YES;
				CLANG_WARN_SUSPICIOUS_MOVE = YES;
				CLANG_WARN_UNGUARDED_AVAILABILITY = YES_AGGRESSIVE;
				CLANG_WARN_UNREACHABLE_CODE = YES;
				CLANG_WARN__DUPLICATE_METHOD_MATCH = YES;
				COPY_PHASE_STRIP = NO;
				DEBUG_INFORMATION_FORMAT = dwarf;
				ENABLE_APP_SANDBOX = NO;
				ENABLE_STRICT_OBJC_MSGSEND = YES;
				ENABLE_TESTABILITY = YES;
				ENABLE_USER_SCRIPT_SANDBOXING = NO;
				GCC_C_LANGUAGE_STANDARD = gnu17;
				GCC_DYNAMIC_NO_PIC = NO;
				GCC_NO_COMMON_BLOCKS = YES;
				GCC_OPTIMIZATION_LEVEL = 0;
				GCC_PREPROCESSOR_DEFINITIONS = (
					"DEBUG=1",
					"$(inherited)",
				);
				GCC_WARN_64_TO_32_BIT_CONVERSION = YES;
				GCC_WARN_ABOUT_RETURN_TYPE = YES_ERROR;
				GCC_WARN_UNDECLARED_SELECTOR = YES;
				GCC_WARN_UNINITIALIZED_AUTOS = YES_AGGRESSIVE;
				GCC_WARN_UNUSED_FUNCTION = YES;
				GCC_WARN_UNUSED_VARIABLE = YES;
				INFOPLIST_KEY_UIMainStoryboardFile = "";
				IPHONEOS_DEPLOYMENT_TARGET = 15.0;
				LOCALIZATION_PREFERS_STRING_CATALOGS = YES;
				MTL_ENABLE_DEBUG_INFO = INCLUDE_SOURCE;
				MTL_FAST_MATH = YES;
				ONLY_ACTIVE_ARCH = YES;
				SDKROOT = iphoneos;
				SWIFT_ACTIVE_COMPILATION_CONDITIONS = "DEBUG $(inherited)";
				SWIFT_OPTIMIZATION_LEVEL = "-Onone";
			};
			name = Debug;
		};
		DE89394B2AC1954F0099D1AA /* Release */ = {
			isa = XCBuildConfiguration;
			buildSettings = {
				ALWAYS_SEARCH_USER_PATHS = NO;
				ASSETCATALOG_COMPILER_GENERATE_SWIFT_ASSET_SYMBOL_EXTENSIONS = YES;
				CLANG_ANALYZER_NONNULL = YES;
				CLANG_ANALYZER_NUMBER_OBJECT_CONVERSION = YES_AGGRESSIVE;
				CLANG_CXX_LANGUAGE_STANDARD = "gnu++20";
				CLANG_ENABLE_MODULES = YES;
				CLANG_ENABLE_OBJC_ARC = YES;
				CLANG_ENABLE_OBJC_WEAK = YES;
				CLANG_WARN_BLOCK_CAPTURE_AUTORELEASING = YES;
				CLANG_WARN_BOOL_CONVERSION = YES;
				CLANG_WARN_COMMA = YES;
				CLANG_WARN_CONSTANT_CONVERSION = YES;
				CLANG_WARN_DEPRECATED_OBJC_IMPLEMENTATIONS = YES;
				CLANG_WARN_DIRECT_OBJC_ISA_USAGE = YES_ERROR;
				CLANG_WARN_DOCUMENTATION_COMMENTS = YES;
				CLANG_WARN_EMPTY_BODY = YES;
				CLANG_WARN_ENUM_CONVERSION = YES;
				CLANG_WARN_INFINITE_RECURSION = YES;
				CLANG_WARN_INT_CONVERSION = YES;
				CLANG_WARN_NON_LITERAL_NULL_CONVERSION = YES;
				CLANG_WARN_OBJC_IMPLICIT_RETAIN_SELF = YES;
				CLANG_WARN_OBJC_LITERAL_CONVERSION = YES;
				CLANG_WARN_OBJC_ROOT_CLASS = YES_ERROR;
				CLANG_WARN_QUOTED_INCLUDE_IN_FRAMEWORK_HEADER = YES;
				CLANG_WARN_RANGE_LOOP_ANALYSIS = YES;
				CLANG_WARN_STRICT_PROTOTYPES = YES;
				CLANG_WARN_SUSPICIOUS_MOVE = YES;
				CLANG_WARN_UNGUARDED_AVAILABILITY = YES_AGGRESSIVE;
				CLANG_WARN_UNREACHABLE_CODE = YES;
				CLANG_WARN__DUPLICATE_METHOD_MATCH = YES;
				COPY_PHASE_STRIP = NO;
				DEBUG_INFORMATION_FORMAT = "dwarf-with-dsym";
				ENABLE_APP_SANDBOX = NO;
				ENABLE_NS_ASSERTIONS = NO;
				ENABLE_STRICT_OBJC_MSGSEND = YES;
				ENABLE_USER_SCRIPT_SANDBOXING = NO;
				GCC_C_LANGUAGE_STANDARD = gnu17;
				GCC_NO_COMMON_BLOCKS = YES;
				GCC_WARN_64_TO_32_BIT_CONVERSION = YES;
				GCC_WARN_ABOUT_RETURN_TYPE = YES_ERROR;
				GCC_WARN_UNDECLARED_SELECTOR = YES;
				GCC_WARN_UNINITIALIZED_AUTOS = YES_AGGRESSIVE;
				GCC_WARN_UNUSED_FUNCTION = YES;
				GCC_WARN_UNUSED_VARIABLE = YES;
				INFOPLIST_KEY_UIMainStoryboardFile = "";
				IPHONEOS_DEPLOYMENT_TARGET = 15.0;
				LOCALIZATION_PREFERS_STRING_CATALOGS = YES;
				MTL_ENABLE_DEBUG_INFO = NO;
				MTL_FAST_MATH = YES;
				SDKROOT = iphoneos;
				SWIFT_COMPILATION_MODE = wholemodule;
				VALIDATE_PRODUCT = YES;
			};
			name = Release;
		};
		DE89394D2AC1954F0099D1AA /* Debug */ = {
			isa = XCBuildConfiguration;
			baseConfigurationReference = 45AA7D376B33E8B0471AABFE /* Pods-MapMyMemories.debug.xcconfig */;
			buildSettings = {
				ASSETCATALOG_COMPILER_APPICON_NAME = AppIcon;
				ASSETCATALOG_COMPILER_GLOBAL_ACCENT_COLOR_NAME = AccentColor;
				CODE_SIGN_ENTITLEMENTS = MapMyMemories/MapMyMemories.entitlements;
				CODE_SIGN_STYLE = Automatic;
				CURRENT_PROJECT_VERSION = 1;
				DEBUG_INFORMATION_FORMAT = "dwarf-with-dsym";
				DEVELOPMENT_TEAM = AYG8MBJF93;
				ENABLE_APP_SANDBOX = NO;
				GENERATE_INFOPLIST_FILE = YES;
				INFOPLIST_FILE = MapMyMemories/Info.plist;
				INFOPLIST_KEY_CFBundleDisplayName = MapMory;
				INFOPLIST_KEY_LSApplicationCategoryType = "public.app-category.lifestyle";
				INFOPLIST_KEY_NSLocationWhenInUseUsageDescription = "현재 위치를 지도에 표시하기 위해 위치 권한이 필요합니다. 현재 위치를 중심으로 초기 화면 설정 및 현재 위치 지도 보기를 수행합니다. 권한 거부시 서울 시청을 중심으로 초기 화면이 설정됩니다. 권한은 설정을 통해 언제든지 변경이 가능합니다";
				INFOPLIST_KEY_UIApplicationSupportsIndirectInputEvents = YES;
				INFOPLIST_KEY_UILaunchStoryboardName = LaunchScreen;
				INFOPLIST_KEY_UIMainStoryboardFile = "";
				INFOPLIST_KEY_UISupportedInterfaceOrientations = UIInterfaceOrientationPortrait;
				INFOPLIST_KEY_UISupportedInterfaceOrientations_iPad = "UIInterfaceOrientationLandscapeLeft UIInterfaceOrientationLandscapeRight UIInterfaceOrientationPortrait UIInterfaceOrientationPortraitUpsideDown";
				IPHONEOS_DEPLOYMENT_TARGET = 16.0;
				LD_RUNPATH_SEARCH_PATHS = (
					"$(inherited)",
					"@executable_path/Frameworks",
				);
				MARKETING_VERSION = 1.0;
				PRODUCT_BUNDLE_IDENTIFIER = "ILWAT-com.github.MapMyMemories";
				PRODUCT_NAME = "$(TARGET_NAME)";
				SUPPORTED_PLATFORMS = "iphoneos iphonesimulator";
				SUPPORTS_MACCATALYST = NO;
				SUPPORTS_MAC_DESIGNED_FOR_IPHONE_IPAD = NO;
				SWIFT_EMIT_LOC_STRINGS = YES;
				SWIFT_VERSION = 5.0;
				TARGETED_DEVICE_FAMILY = 1;
			};
			name = Debug;
		};
		DE89394E2AC1954F0099D1AA /* Release */ = {
			isa = XCBuildConfiguration;
			baseConfigurationReference = 3C17EBF444A77AA63B0490BA /* Pods-MapMyMemories.release.xcconfig */;
			buildSettings = {
				ASSETCATALOG_COMPILER_APPICON_NAME = AppIcon;
				ASSETCATALOG_COMPILER_GLOBAL_ACCENT_COLOR_NAME = AccentColor;
				CODE_SIGN_ENTITLEMENTS = MapMyMemories/MapMyMemories.entitlements;
				CODE_SIGN_STYLE = Automatic;
				CURRENT_PROJECT_VERSION = 1;
				DEVELOPMENT_TEAM = AYG8MBJF93;
				ENABLE_APP_SANDBOX = NO;
				GENERATE_INFOPLIST_FILE = YES;
				INFOPLIST_FILE = MapMyMemories/Info.plist;
				INFOPLIST_KEY_CFBundleDisplayName = MapMory;
				INFOPLIST_KEY_LSApplicationCategoryType = "public.app-category.lifestyle";
				INFOPLIST_KEY_NSLocationWhenInUseUsageDescription = "현재 위치를 지도에 표시하기 위해 위치 권한이 필요합니다. 현재 위치를 중심으로 초기 화면 설정 및 현재 위치 지도 보기를 수행합니다. 권한 거부시 서울 시청을 중심으로 초기 화면이 설정됩니다. 권한은 설정을 통해 언제든지 변경이 가능합니다";
				INFOPLIST_KEY_UIApplicationSupportsIndirectInputEvents = YES;
				INFOPLIST_KEY_UILaunchStoryboardName = LaunchScreen;
				INFOPLIST_KEY_UIMainStoryboardFile = "";
				INFOPLIST_KEY_UISupportedInterfaceOrientations = UIInterfaceOrientationPortrait;
				INFOPLIST_KEY_UISupportedInterfaceOrientations_iPad = "UIInterfaceOrientationLandscapeLeft UIInterfaceOrientationLandscapeRight UIInterfaceOrientationPortrait UIInterfaceOrientationPortraitUpsideDown";
				IPHONEOS_DEPLOYMENT_TARGET = 16.0;
				LD_RUNPATH_SEARCH_PATHS = (
					"$(inherited)",
					"@executable_path/Frameworks",
				);
				MARKETING_VERSION = 1.0;
				PRODUCT_BUNDLE_IDENTIFIER = "ILWAT-com.github.MapMyMemories";
				PRODUCT_NAME = "$(TARGET_NAME)";
				SUPPORTED_PLATFORMS = "iphoneos iphonesimulator";
				SUPPORTS_MACCATALYST = NO;
				SUPPORTS_MAC_DESIGNED_FOR_IPHONE_IPAD = NO;
				SWIFT_EMIT_LOC_STRINGS = YES;
				SWIFT_VERSION = 5.0;
				TARGETED_DEVICE_FAMILY = 1;
			};
			name = Release;
		};
/* End XCBuildConfiguration section */

/* Begin XCConfigurationList section */
		DE8939332AC1954D0099D1AA /* Build configuration list for PBXProject "MapMyMemories" */ = {
			isa = XCConfigurationList;
			buildConfigurations = (
				DE89394A2AC1954F0099D1AA /* Debug */,
				DE89394B2AC1954F0099D1AA /* Release */,
			);
			defaultConfigurationIsVisible = 0;
			defaultConfigurationName = Release;
		};
		DE89394C2AC1954F0099D1AA /* Build configuration list for PBXNativeTarget "MapMyMemories" */ = {
			isa = XCConfigurationList;
			buildConfigurations = (
				DE89394D2AC1954F0099D1AA /* Debug */,
				DE89394E2AC1954F0099D1AA /* Release */,
			);
			defaultConfigurationIsVisible = 0;
			defaultConfigurationName = Release;
		};
/* End XCConfigurationList section */

/* Begin XCRemoteSwiftPackageReference section */
		DE20B88E2AD85DE4006FD060 /* XCRemoteSwiftPackageReference "EmojiPicker" */ = {
			isa = XCRemoteSwiftPackageReference;
			repositoryURL = "https://github.com/htmlprogrammist/EmojiPicker.git";
			requirement = {
				kind = upToNextMajorVersion;
				minimumVersion = 3.0.9;
			};
		};
		DE89394F2AC196DD0099D1AA /* XCRemoteSwiftPackageReference "SnapKit" */ = {
			isa = XCRemoteSwiftPackageReference;
			repositoryURL = "https://github.com/SnapKit/SnapKit.git";
			requirement = {
				kind = upToNextMinorVersion;
				minimumVersion = 5.6.0;
			};
		};
		DE8939522AC1974A0099D1AA /* XCRemoteSwiftPackageReference "realm-swift" */ = {
			isa = XCRemoteSwiftPackageReference;
			repositoryURL = "https://github.com/realm/realm-swift.git";
			requirement = {
				kind = exactVersion;
				version = 10.42.3;
			};
		};
		DE89395C2AC19A160099D1AA /* XCRemoteSwiftPackageReference "Alamofire" */ = {
			isa = XCRemoteSwiftPackageReference;
			repositoryURL = "https://github.com/Alamofire/Alamofire";
			requirement = {
				kind = upToNextMinorVersion;
				minimumVersion = 5.8.0;
			};
		};
		DE89395F2AC19A3B0099D1AA /* XCRemoteSwiftPackageReference "Toast-Swift" */ = {
			isa = XCRemoteSwiftPackageReference;
			repositoryURL = "https://github.com/scalessec/Toast-Swift";
			requirement = {
				kind = upToNextMinorVersion;
				minimumVersion = 5.0.1;
			};
		};
		DEEB8A012B01292B0097245E /* XCRemoteSwiftPackageReference "firebase-ios-sdk" */ = {
			isa = XCRemoteSwiftPackageReference;
			repositoryURL = "https://github.com/firebase/firebase-ios-sdk";
			requirement = {
				kind = upToNextMinorVersion;
				minimumVersion = 10.17.0;
			};
		};
/* End XCRemoteSwiftPackageReference section */

/* Begin XCSwiftPackageProductDependency section */
		DE20B88F2AD85DE4006FD060 /* EmojiPicker */ = {
			isa = XCSwiftPackageProductDependency;
			package = DE20B88E2AD85DE4006FD060 /* XCRemoteSwiftPackageReference "EmojiPicker" */;
			productName = EmojiPicker;
		};
		DE8939502AC196DD0099D1AA /* SnapKit */ = {
			isa = XCSwiftPackageProductDependency;
			package = DE89394F2AC196DD0099D1AA /* XCRemoteSwiftPackageReference "SnapKit" */;
			productName = SnapKit;
		};
		DE8939532AC1974A0099D1AA /* Realm */ = {
			isa = XCSwiftPackageProductDependency;
			package = DE8939522AC1974A0099D1AA /* XCRemoteSwiftPackageReference "realm-swift" */;
			productName = Realm;
		};
		DE8939552AC1974A0099D1AA /* RealmSwift */ = {
			isa = XCSwiftPackageProductDependency;
			package = DE8939522AC1974A0099D1AA /* XCRemoteSwiftPackageReference "realm-swift" */;
			productName = RealmSwift;
		};
		DE89395D2AC19A160099D1AA /* Alamofire */ = {
			isa = XCSwiftPackageProductDependency;
			package = DE89395C2AC19A160099D1AA /* XCRemoteSwiftPackageReference "Alamofire" */;
			productName = Alamofire;
		};
		DE8939602AC19A3B0099D1AA /* Toast */ = {
			isa = XCSwiftPackageProductDependency;
			package = DE89395F2AC19A3B0099D1AA /* XCRemoteSwiftPackageReference "Toast-Swift" */;
			productName = Toast;
		};
		DEEB8A022B01292B0097245E /* FirebaseAnalyticsWithoutAdIdSupport */ = {
			isa = XCSwiftPackageProductDependency;
			package = DEEB8A012B01292B0097245E /* XCRemoteSwiftPackageReference "firebase-ios-sdk" */;
			productName = FirebaseAnalyticsWithoutAdIdSupport;
		};
		DEEB8A042B01292B0097245E /* FirebaseCrashlytics */ = {
			isa = XCSwiftPackageProductDependency;
			package = DEEB8A012B01292B0097245E /* XCRemoteSwiftPackageReference "firebase-ios-sdk" */;
			productName = FirebaseCrashlytics;
		};
		DEEB8A062B01292B0097245E /* FirebaseMessaging */ = {
			isa = XCSwiftPackageProductDependency;
			package = DEEB8A012B01292B0097245E /* XCRemoteSwiftPackageReference "firebase-ios-sdk" */;
			productName = FirebaseMessaging;
		};
/* End XCSwiftPackageProductDependency section */
	};
	rootObject = DE8939302AC1954D0099D1AA /* Project object */;
}
